
Microsoft Visual Studio Solution File, Format Version 12.00
# Visual Studio Version 17
VisualStudioVersion = 17.11.35219.272
MinimumVisualStudioVersion = 10.0.40219.1
Project("{2150E333-8FDC-42A3-9474-1A3956D46DE8}") = "src", "src", "{B5488D17-8521-498B-8EA6-4CA7E727A54B}"
EndProject
Project("{2150E333-8FDC-42A3-9474-1A3956D46DE8}") = "tests", "tests", "{89A47658-5115-4B9B-8466-ED06867D6D4B}"
EndProject
Project("{9A19103F-16F7-4668-BE54-9A1E7A4F7556}") = "SmartHome.ModelValidators.Test", "ModelValidators.Test\SmartHome.ModelValidators.Test.csproj", "{19AF077A-C040-48E3-85A7-D481A7C20766}"
EndProject
Project("{9A19103F-16F7-4668-BE54-9A1E7A4F7556}") = "ModelValidatorLength", "ModelValidatorLength\ModelValidatorLength.csproj", "{1894BAE1-1CA6-44A0-8DCD-C7B13AD54482}"
EndProject
Project("{9A19103F-16F7-4668-BE54-9A1E7A4F7556}") = "SmartHome.BusinessLogic", "SmartHome.BusinessLogic\SmartHome.BusinessLogic.csproj", "{6FF9A803-5738-49B8-AFD9-49B697B5E50F}"
EndProject
Project("{9A19103F-16F7-4668-BE54-9A1E7A4F7556}") = "SmartHome.DataLayer", "SmartHome.DataLayer\SmartHome.DataLayer.csproj", "{5E52E0BD-27D3-4B1F-AA59-C74E8D50A286}"
EndProject
Project("{9A19103F-16F7-4668-BE54-9A1E7A4F7556}") = "SmartHome.WebApi", "SmartHome.WebApi\SmartHome.WebApi.csproj", "{802F2C40-A45F-41D8-8294-E8C6DC9B30ED}"
EndProject
Project("{9A19103F-16F7-4668-BE54-9A1E7A4F7556}") = "SmartHome.BusinessLogic.Test", "SmartHome.BusinessLogic.Test\SmartHome.BusinessLogic.Test.csproj", "{2D06B1EA-3DE4-4906-8629-6FD5D6CAF3DC}"
EndProject
Project("{9A19103F-16F7-4668-BE54-9A1E7A4F7556}") = "SmartHome.DataLayer.Test", "SmartHome.DataLayer.Test\SmartHome.DataLayer.Test.csproj", "{6351664E-A04A-4B7A-8927-217EA99ADD1C}"
EndProject
Project("{9A19103F-16F7-4668-BE54-9A1E7A4F7556}") = "SmartHome.WebApi.Test", "SmartHome.WebApi.Test\SmartHome.WebApi.Test.csproj", "{82B84F41-7C66-41BC-8E7E-AE5C92BDCA91}"
EndProject
Project("{FAE04EC0-301F-11D3-BF4B-00C04F79EFBC}") = "ModelValidatorLettersAndNumbers", "ModelValidatorLettersAndNumbers\ModelValidatorLettersAndNumbers.csproj", "{95FFF0ED-57DA-4499-A860-47B41933AA76}"
EndProject
Project("{FAE04EC0-301F-11D3-BF4B-00C04F79EFBC}") = "JsonImporter", "JsonImporter\JsonImporter.csproj", "{9FBB14DF-1F4F-44C8-B500-4571337C8B28}"
EndProject
Project("{FAE04EC0-301F-11D3-BF4B-00C04F79EFBC}") = "Importer", "Importer\Importer.csproj", "{54C99BF5-1917-42FB-88FE-C2A4D0AA20F0}"
EndProject
Global
	GlobalSection(SolutionConfigurationPlatforms) = preSolution
		Debug|Any CPU = Debug|Any CPU
		Release|Any CPU = Release|Any CPU
	EndGlobalSection
	GlobalSection(ProjectConfigurationPlatforms) = postSolution
		{19AF077A-C040-48E3-85A7-D481A7C20766}.Debug|Any CPU.ActiveCfg = Debug|Any CPU
		{19AF077A-C040-48E3-85A7-D481A7C20766}.Debug|Any CPU.Build.0 = Debug|Any CPU
		{19AF077A-C040-48E3-85A7-D481A7C20766}.Release|Any CPU.ActiveCfg = Release|Any CPU
		{19AF077A-C040-48E3-85A7-D481A7C20766}.Release|Any CPU.Build.0 = Release|Any CPU
		{1894BAE1-1CA6-44A0-8DCD-C7B13AD54482}.Debug|Any CPU.ActiveCfg = Debug|Any CPU
		{1894BAE1-1CA6-44A0-8DCD-C7B13AD54482}.Debug|Any CPU.Build.0 = Debug|Any CPU
		{1894BAE1-1CA6-44A0-8DCD-C7B13AD54482}.Release|Any CPU.ActiveCfg = Release|Any CPU
		{1894BAE1-1CA6-44A0-8DCD-C7B13AD54482}.Release|Any CPU.Build.0 = Release|Any CPU
		{6FF9A803-5738-49B8-AFD9-49B697B5E50F}.Debug|Any CPU.ActiveCfg = Debug|Any CPU
		{6FF9A803-5738-49B8-AFD9-49B697B5E50F}.Debug|Any CPU.Build.0 = Debug|Any CPU
		{6FF9A803-5738-49B8-AFD9-49B697B5E50F}.Release|Any CPU.ActiveCfg = Release|Any CPU
		{6FF9A803-5738-49B8-AFD9-49B697B5E50F}.Release|Any CPU.Build.0 = Release|Any CPU
		{5E52E0BD-27D3-4B1F-AA59-C74E8D50A286}.Debug|Any CPU.ActiveCfg = Debug|Any CPU
		{5E52E0BD-27D3-4B1F-AA59-C74E8D50A286}.Debug|Any CPU.Build.0 = Debug|Any CPU
		{5E52E0BD-27D3-4B1F-AA59-C74E8D50A286}.Release|Any CPU.ActiveCfg = Release|Any CPU
		{5E52E0BD-27D3-4B1F-AA59-C74E8D50A286}.Release|Any CPU.Build.0 = Release|Any CPU
		{802F2C40-A45F-41D8-8294-E8C6DC9B30ED}.Debug|Any CPU.ActiveCfg = Debug|Any CPU
		{802F2C40-A45F-41D8-8294-E8C6DC9B30ED}.Debug|Any CPU.Build.0 = Debug|Any CPU
		{802F2C40-A45F-41D8-8294-E8C6DC9B30ED}.Release|Any CPU.ActiveCfg = Release|Any CPU
		{802F2C40-A45F-41D8-8294-E8C6DC9B30ED}.Release|Any CPU.Build.0 = Release|Any CPU
		{2D06B1EA-3DE4-4906-8629-6FD5D6CAF3DC}.Debug|Any CPU.ActiveCfg = Debug|Any CPU
		{2D06B1EA-3DE4-4906-8629-6FD5D6CAF3DC}.Debug|Any CPU.Build.0 = Debug|Any CPU
		{2D06B1EA-3DE4-4906-8629-6FD5D6CAF3DC}.Release|Any CPU.ActiveCfg = Release|Any CPU
		{2D06B1EA-3DE4-4906-8629-6FD5D6CAF3DC}.Release|Any CPU.Build.0 = Release|Any CPU
		{6351664E-A04A-4B7A-8927-217EA99ADD1C}.Debug|Any CPU.ActiveCfg = Debug|Any CPU
		{6351664E-A04A-4B7A-8927-217EA99ADD1C}.Debug|Any CPU.Build.0 = Debug|Any CPU
		{6351664E-A04A-4B7A-8927-217EA99ADD1C}.Release|Any CPU.ActiveCfg = Release|Any CPU
		{6351664E-A04A-4B7A-8927-217EA99ADD1C}.Release|Any CPU.Build.0 = Release|Any CPU
		{82B84F41-7C66-41BC-8E7E-AE5C92BDCA91}.Debug|Any CPU.ActiveCfg = Debug|Any CPU
		{82B84F41-7C66-41BC-8E7E-AE5C92BDCA91}.Debug|Any CPU.Build.0 = Debug|Any CPU
		{82B84F41-7C66-41BC-8E7E-AE5C92BDCA91}.Release|Any CPU.ActiveCfg = Release|Any CPU
		{82B84F41-7C66-41BC-8E7E-AE5C92BDCA91}.Release|Any CPU.Build.0 = Release|Any CPU
		{95FFF0ED-57DA-4499-A860-47B41933AA76}.Debug|Any CPU.ActiveCfg = Debug|Any CPU
		{95FFF0ED-57DA-4499-A860-47B41933AA76}.Debug|Any CPU.Build.0 = Debug|Any CPU
		{95FFF0ED-57DA-4499-A860-47B41933AA76}.Release|Any CPU.ActiveCfg = Release|Any CPU
		{95FFF0ED-57DA-4499-A860-47B41933AA76}.Release|Any CPU.Build.0 = Release|Any CPU
		{9FBB14DF-1F4F-44C8-B500-4571337C8B28}.Debug|Any CPU.ActiveCfg = Debug|Any CPU
		{9FBB14DF-1F4F-44C8-B500-4571337C8B28}.Debug|Any CPU.Build.0 = Debug|Any CPU
		{9FBB14DF-1F4F-44C8-B500-4571337C8B28}.Release|Any CPU.ActiveCfg = Release|Any CPU
		{9FBB14DF-1F4F-44C8-B500-4571337C8B28}.Release|Any CPU.Build.0 = Release|Any CPU
		{54C99BF5-1917-42FB-88FE-C2A4D0AA20F0}.Debug|Any CPU.ActiveCfg = Debug|Any CPU
		{54C99BF5-1917-42FB-88FE-C2A4D0AA20F0}.Debug|Any CPU.Build.0 = Debug|Any CPU
		{54C99BF5-1917-42FB-88FE-C2A4D0AA20F0}.Release|Any CPU.ActiveCfg = Release|Any CPU
		{54C99BF5-1917-42FB-88FE-C2A4D0AA20F0}.Release|Any CPU.Build.0 = Release|Any CPU
	EndGlobalSection
	GlobalSection(SolutionProperties) = preSolution
		HideSolutionNode = FALSE
	EndGlobalSection
	GlobalSection(NestedProjects) = preSolution
		{19AF077A-C040-48E3-85A7-D481A7C20766} = {89A47658-5115-4B9B-8466-ED06867D6D4B}
		{1894BAE1-1CA6-44A0-8DCD-C7B13AD54482} = {B5488D17-8521-498B-8EA6-4CA7E727A54B}
		{6FF9A803-5738-49B8-AFD9-49B697B5E50F} = {B5488D17-8521-498B-8EA6-4CA7E727A54B}
		{5E52E0BD-27D3-4B1F-AA59-C74E8D50A286} = {B5488D17-8521-498B-8EA6-4CA7E727A54B}
		{802F2C40-A45F-41D8-8294-E8C6DC9B30ED} = {B5488D17-8521-498B-8EA6-4CA7E727A54B}
		{2D06B1EA-3DE4-4906-8629-6FD5D6CAF3DC} = {89A47658-5115-4B9B-8466-ED06867D6D4B}
		{6351664E-A04A-4B7A-8927-217EA99ADD1C} = {89A47658-5115-4B9B-8466-ED06867D6D4B}
		{82B84F41-7C66-41BC-8E7E-AE5C92BDCA91} = {89A47658-5115-4B9B-8466-ED06867D6D4B}
		{95FFF0ED-57DA-4499-A860-47B41933AA76} = {B5488D17-8521-498B-8EA6-4CA7E727A54B}
		{9FBB14DF-1F4F-44C8-B500-4571337C8B28} = {B5488D17-8521-498B-8EA6-4CA7E727A54B}
		{54C99BF5-1917-42FB-88FE-C2A4D0AA20F0} = {B5488D17-8521-498B-8EA6-4CA7E727A54B}
	EndGlobalSection
	GlobalSection(ExtensibilityGlobals) = postSolution
		SolutionGuid = {F8CE4B4A-BC24-4D40-AB00-D8AB796CE817}
	EndGlobalSection
EndGlobal
